Microsoft Visual Studio Solution File, Format Version 11.00
# Visual Studio 2008

Project("{92C7A85B-2392-45C0-2485-4DE7BB74BC72}") = "Yangtsu Ken", "Assembly-CSharp-firstpass.csproj", "{0BB837A9-BFFC-C2DA-C3BF-57288F55B4F9}"
EndProject
Project("{92C7A85B-2392-45C0-2485-4DE7BB74BC72}") = "Yangtsu Ken", "Assembly-CSharp.csproj", "{8C2AD12A-4F6E-2F82-98E1-A446708D8D62}"
EndProject
Project("{92C7A85B-2392-45C0-2485-4DE7BB74BC72}") = "Yangtsu Ken", "Assembly-UnityScript-firstpass.unityproj", "{41CFF043-A7A7-7F8A-1A75-959275EB824A}"
EndProject
Project("{92C7A85B-2392-45C0-2485-4DE7BB74BC72}") = "Yangtsu Ken", "Assembly-UnityScript.unityproj", "{558BCD6B-D2E1-C793-5D59-134259A6099B}"
EndProject
Global
	GlobalSection(SolutionConfigurationPlatforms) = preSolution
		Debug|Any CPU = Debug|Any CPU
		Release|Any CPU = Release|Any CPU
	EndGlobalSection
	GlobalSection(ProjectConfigurationPlatforms) = postSolution
		{0BB837A9-BFFC-C2DA-C3BF-57288F55B4F9}.Debug|Any CPU.ActiveCfg = Debug|Any CPU
		{0BB837A9-BFFC-C2DA-C3BF-57288F55B4F9}.Debug|Any CPU.Build.0 = Debug|Any CPU
		{0BB837A9-BFFC-C2DA-C3BF-57288F55B4F9}.Release|Any CPU.ActiveCfg = Release|Any CPU
		{0BB837A9-BFFC-C2DA-C3BF-57288F55B4F9}.Release|Any CPU.Build.0 = Release|Any CPU
		{8C2AD12A-4F6E-2F82-98E1-A446708D8D62}.Debug|Any CPU.ActiveCfg = Debug|Any CPU
		{8C2AD12A-4F6E-2F82-98E1-A446708D8D62}.Debug|Any CPU.Build.0 = Debug|Any CPU
		{8C2AD12A-4F6E-2F82-98E1-A446708D8D62}.Release|Any CPU.ActiveCfg = Release|Any CPU
		{8C2AD12A-4F6E-2F82-98E1-A446708D8D62}.Release|Any CPU.Build.0 = Release|Any CPU
		{41CFF043-A7A7-7F8A-1A75-959275EB824A}.Debug|Any CPU.ActiveCfg = Debug|Any CPU
		{41CFF043-A7A7-7F8A-1A75-959275EB824A}.Debug|Any CPU.Build.0 = Debug|Any CPU
		{41CFF043-A7A7-7F8A-1A75-959275EB824A}.Release|Any CPU.ActiveCfg = Release|Any CPU
		{41CFF043-A7A7-7F8A-1A75-959275EB824A}.Release|Any CPU.Build.0 = Release|Any CPU
		{558BCD6B-D2E1-C793-5D59-134259A6099B}.Debug|Any CPU.ActiveCfg = Debug|Any CPU
		{558BCD6B-D2E1-C793-5D59-134259A6099B}.Debug|Any CPU.Build.0 = Debug|Any CPU
		{558BCD6B-D2E1-C793-5D59-134259A6099B}.Release|Any CPU.ActiveCfg = Release|Any CPU
		{558BCD6B-D2E1-C793-5D59-134259A6099B}.Release|Any CPU.Build.0 = Release|Any CPU
	EndGlobalSection
	GlobalSection(SolutionProperties) = preSolution
		HideSolutionNode = FALSE
	EndGlobalSection
																																																										GlobalSection(MonoDevelopProperties) = preSolution
		StartupItem = Assembly-CSharp.csproj
		Policies = $0
		$0.TextStylePolicy = $1
		$1.inheritsSet = null
		$1.scope = text/x-csharp
		$0.CSharpFormattingPolicy = $2
		$2.inheritsSet = Mono
		$2.inheritsScope = text/x-csharp
		$2.scope = text/x-csharp
		$0.TextStylePolicy = $3
		$3.FileWidth = 120
		$3.TabWidth = 4
		$3.EolMarker = Unix
		$3.inheritsSet = Mono
		$3.inheritsScope = text/plain
		$3.scope = text/plain
	EndGlobalSection

EndGlobal
